
Microsoft Visual Studio Solution File, Format Version 12.00
# Visual Studio Version 16
VisualStudioVersion = 16.0.31729.503
MinimumVisualStudioVersion = 10.0.40219.1
Project("{9A19103F-16F7-4668-BE54-9A1E7A4F7556}") = "WEB2022Apr_P02_T3", "WEB ASG Team 3  (redo)\WEB2022Apr_P02_T3.csproj", "{02236A4D-8178-4DAD-9CE9-C9B5C991360A}"
EndProject
Global
	GlobalSection(SolutionConfigurationPlatforms) = preSolution
		Debug|Any CPU = Debug|Any CPU
		Release|Any CPU = Release|Any CPU
	EndGlobalSection
	GlobalSection(ProjectConfigurationPlatforms) = postSolution
		{02236A4D-8178-4DAD-9CE9-C9B5C991360A}.Debug|Any CPU.ActiveCfg = Debug|Any CPU
		{02236A4D-8178-4DAD-9CE9-C9B5C991360A}.Debug|Any CPU.Build.0 = Debug|Any CPU
		{02236A4D-8178-4DAD-9CE9-C9B5C991360A}.Release|Any CPU.ActiveCfg = Release|Any CPU
		{02236A4D-8178-4DAD-9CE9-C9B5C991360A}.Release|Any CPU.Build.0 = Release|Any CPU
	EndGlobalSection
	GlobalSection(SolutionProperties) = preSolution
		HideSolutionNode = FALSE
	EndGlobalSection
	GlobalSection(ExtensibilityGlobals) = postSolution
		SolutionGuid = {FD2D197D-20E6-4A36-A263-F71B52853591}
	EndGlobalSection
EndGlobal
